
Microsoft Visual Studio Solution File, Format Version 12.00
# Visual Studio Version 17
VisualStudioVersion = 17.0.32112.339
MinimumVisualStudioVersion = 10.0.40219.1
Project("{FAE04EC0-301F-11D3-BF4B-00C04F79EFBC}") = "01.RecursiveSumArray", "01.RecursiveSumArray.csproj", "{E2B3BD46-2A08-4CED-9429-8E994FC79299}"
EndProject
Project("{FAE04EC0-301F-11D3-BF4B-00C04F79EFBC}") = "02.Recursive Drawing", "..\02.Recursive Drawing\02.Recursive Drawing.csproj", "{84146A40-B4A5-4D19-B69E-120FBA4BE30B}"
EndProject
Project("{FAE04EC0-301F-11D3-BF4B-00C04F79EFBC}") = "03.Generating 0-1 Vectors", "..\03.Generating 0-1 Vectors\03.Generating 0-1 Vectors.csproj", "{4DB5DB19-BBD2-4AB9-8FFA-72A2FE11A4B2}"
EndProject
Project("{FAE04EC0-301F-11D3-BF4B-00C04F79EFBC}") = "04. Recursive Factorial", "..\04. Recursive Factorial\04. Recursive Factorial.csproj", "{4151EE0F-11FC-4D1F-A031-97A695D872A5}"
EndProject
Global
	GlobalSection(SolutionConfigurationPlatforms) = preSolution
		Debug|Any CPU = Debug|Any CPU
		Release|Any CPU = Release|Any CPU
	EndGlobalSection
	GlobalSection(ProjectConfigurationPlatforms) = postSolution
		{E2B3BD46-2A08-4CED-9429-8E994FC79299}.Debug|Any CPU.ActiveCfg = Debug|Any CPU
		{E2B3BD46-2A08-4CED-9429-8E994FC79299}.Debug|Any CPU.Build.0 = Debug|Any CPU
		{E2B3BD46-2A08-4CED-9429-8E994FC79299}.Release|Any CPU.ActiveCfg = Release|Any CPU
		{E2B3BD46-2A08-4CED-9429-8E994FC79299}.Release|Any CPU.Build.0 = Release|Any CPU
		{84146A40-B4A5-4D19-B69E-120FBA4BE30B}.Debug|Any CPU.ActiveCfg = Debug|Any CPU
		{84146A40-B4A5-4D19-B69E-120FBA4BE30B}.Debug|Any CPU.Build.0 = Debug|Any CPU
		{84146A40-B4A5-4D19-B69E-120FBA4BE30B}.Release|Any CPU.ActiveCfg = Release|Any CPU
		{84146A40-B4A5-4D19-B69E-120FBA4BE30B}.Release|Any CPU.Build.0 = Release|Any CPU
		{4DB5DB19-BBD2-4AB9-8FFA-72A2FE11A4B2}.Debug|Any CPU.ActiveCfg = Debug|Any CPU
		{4DB5DB19-BBD2-4AB9-8FFA-72A2FE11A4B2}.Debug|Any CPU.Build.0 = Debug|Any CPU
		{4DB5DB19-BBD2-4AB9-8FFA-72A2FE11A4B2}.Release|Any CPU.ActiveCfg = Release|Any CPU
		{4DB5DB19-BBD2-4AB9-8FFA-72A2FE11A4B2}.Release|Any CPU.Build.0 = Release|Any CPU
		{4151EE0F-11FC-4D1F-A031-97A695D872A5}.Debug|Any CPU.ActiveCfg = Debug|Any CPU
		{4151EE0F-11FC-4D1F-A031-97A695D872A5}.Debug|Any CPU.Build.0 = Debug|Any CPU
		{4151EE0F-11FC-4D1F-A031-97A695D872A5}.Release|Any CPU.ActiveCfg = Release|Any CPU
		{4151EE0F-11FC-4D1F-A031-97A695D872A5}.Release|Any CPU.Build.0 = Release|Any CPU
	EndGlobalSection
	GlobalSection(SolutionProperties) = preSolution
		HideSolutionNode = FALSE
	EndGlobalSection
	GlobalSection(ExtensibilityGlobals) = postSolution
		SolutionGuid = {2133D375-EFEF-4D72-8C76-DC03F7C50226}
	EndGlobalSection
EndGlobal
